{
  "version": 4,
  "terraform_version": "1.4.6",
  "serial": 144,
  "lineage": "92954a86-3bc0-bd33-1484-141f6173bc80",
  "outputs": {},
  "resources": [
    {
      "mode": "data",
      "type": "archive_file",
      "name": "sourcewrapper",
      "provider": "provider[\"registry.terraform.io/hashicorp/archive\"]",
      "instances": [
        {
          "schema_version": 0,
          "attributes": {
            "exclude_symlink_directories": null,
            "excludes": null,
            "id": "ef916394024e6aaf3de800b461c3f9fc10796947",
            "output_base64sha256": "Yt5JuiAaapUJnd0DaN6k3sa1qsIdk6rpaJ8matadGDk=",
            "output_base64sha512": "bMxKeEa2IodJ3SWWMMu3HJ0bdlZXMrTPT0eKihp6IhlKqihpL6JlHrSxED3BA/nmx6BXaqxZU7AhnkEYcf5Xuw==",
            "output_file_mode": null,
            "output_md5": "446ab1d7c76c9c6456831faa81742477",
            "output_path": "./tmp/wrapper.zip",
            "output_sha": "ef916394024e6aaf3de800b461c3f9fc10796947",
            "output_sha256": "62de49ba201a6a95099ddd0368dea4dec6b5aac21d93aae9689f266ad69d1839",
            "output_sha512": "6ccc4a7846b6228749dd259630cbb71c9d1b76565732b4cf4f478a8a1a7a22194aaa28692fa2651eb4b1103dc103f9e6c7a0576aac5953b0219e411871fe57bb",
            "output_size": 8075047,
            "source": [],
            "source_content": null,
            "source_content_filename": null,
            "source_dir": "../../../wrapper/output/",
            "source_file": null,
            "type": "zip"
          },
          "sensitive_attributes": []
        }
      ]
    },
    {
      "mode": "managed",
      "type": "google_cloudfunctions_function",
      "name": "function",
      "provider": "provider[\"registry.terraform.io/hashicorp/google\"]",
      "instances": [
        {
          "schema_version": 0,
          "attributes": {
            "available_memory_mb": 256,
            "build_environment_variables": null,
            "build_worker_pool": "",
            "description": "",
            "docker_registry": "CONTAINER_REGISTRY",
            "docker_repository": "",
            "entry_point": "wrapperTest",
            "environment_variables": {},
            "event_trigger": [],
            "https_trigger_security_level": "SECURE_OPTIONAL",
            "https_trigger_url": "https://europe-west1-csbws2223.cloudfunctions.net/wrapper",
            "id": "projects/csbws2223/locations/europe-west1/functions/wrapper",
            "ingress_settings": "ALLOW_ALL",
            "kms_key_name": "",
            "labels": {},
            "max_instances": 0,
            "min_instances": 0,
            "name": "wrapper",
            "project": "csbws2223",
            "region": "europe-west1",
            "runtime": "nodejs16",
            "secret_environment_variables": [],
            "secret_volumes": [],
            "service_account_email": "csbws2223@appspot.gserviceaccount.com",
            "source_archive_bucket": "csbws2223-function",
            "source_archive_object": "src-446ab1d7c76c9c6456831faa81742477.zip",
            "source_repository": [],
            "status": "ACTIVE",
            "timeout": 60,
            "timeouts": null,
            "trigger_http": true,
            "vpc_connector": "",
            "vpc_connector_egress_settings": ""
          },
          "sensitive_attributes": [],
          "private": "eyJlMmJmYjczMC1lY2FhLTExZTYtOGY4OC0zNDM2M2JjN2M0YzAiOnsiY3JlYXRlIjozMDAwMDAwMDAwMDAsImRlbGV0ZSI6MzAwMDAwMDAwMDAwLCJyZWFkIjozMDAwMDAwMDAwMDAsInVwZGF0ZSI6MzAwMDAwMDAwMDAwfX0=",
          "dependencies": [
            "data.archive_file.sourcewrapper",
            "google_storage_bucket.function_bucket",
            "google_storage_bucket_object.wrapper"
          ]
        }
      ]
    },
    {
      "mode": "managed",
      "type": "google_cloudfunctions_function_iam_member",
      "name": "invoker",
      "provider": "provider[\"registry.terraform.io/hashicorp/google\"]",
      "instances": [
        {
          "schema_version": 0,
          "attributes": {
            "cloud_function": "projects/csbws2223/locations/europe-west1/functions/wrapper",
            "condition": [],
            "etag": "BwYB7IR80Yw=",
            "id": "projects/csbws2223/locations/europe-west1/functions/wrapper/roles/cloudfunctions.invoker/allUsers",
            "member": "allUsers",
            "project": "csbws2223",
            "region": "europe-west1",
            "role": "roles/cloudfunctions.invoker"
          },
          "sensitive_attributes": [],
          "private": "bnVsbA==",
          "dependencies": [
            "data.archive_file.sourcewrapper",
            "google_cloudfunctions_function.function",
            "google_storage_bucket.function_bucket",
            "google_storage_bucket_object.wrapper"
          ]
        }
      ]
    },
    {
      "mode": "managed",
      "type": "google_storage_bucket",
      "name": "function_bucket",
      "provider": "provider[\"registry.terraform.io/hashicorp/google\"]",
      "instances": [
        {
          "schema_version": 0,
          "attributes": {
            "autoclass": [],
            "cors": [],
            "custom_placement_config": [],
            "default_event_based_hold": false,
            "encryption": [],
            "force_destroy": false,
            "id": "csbws2223-function",
            "labels": {},
            "lifecycle_rule": [],
            "location": "EUROPE-WEST1",
            "logging": [],
            "name": "csbws2223-function",
            "project": "csbws2223",
            "public_access_prevention": "inherited",
            "requester_pays": false,
            "retention_policy": [],
            "self_link": "https://www.googleapis.com/storage/v1/b/csbws2223-function",
            "storage_class": "STANDARD",
            "timeouts": null,
            "uniform_bucket_level_access": false,
            "url": "gs://csbws2223-function",
            "versioning": [],
            "website": []
          },
          "sensitive_attributes": [],
          "private": "eyJlMmJmYjczMC1lY2FhLTExZTYtOGY4OC0zNDM2M2JjN2M0YzAiOnsiY3JlYXRlIjo2MDAwMDAwMDAwMDAsInJlYWQiOjI0MDAwMDAwMDAwMCwidXBkYXRlIjoyNDAwMDAwMDAwMDB9fQ=="
        }
      ]
    },
    {
      "mode": "managed",
      "type": "google_storage_bucket",
      "name": "input_bucket",
      "provider": "provider[\"registry.terraform.io/hashicorp/google\"]",
      "instances": [
        {
          "schema_version": 0,
          "attributes": {
            "autoclass": [],
            "cors": [],
            "custom_placement_config": [],
            "default_event_based_hold": false,
            "encryption": [],
            "force_destroy": false,
            "id": "csbws2223-input",
            "labels": {},
            "lifecycle_rule": [],
            "location": "EUROPE-WEST1",
            "logging": [],
            "name": "csbws2223-input",
            "project": "csbws2223",
            "public_access_prevention": "inherited",
            "requester_pays": false,
            "retention_policy": [],
            "self_link": "https://www.googleapis.com/storage/v1/b/csbws2223-input",
            "storage_class": "STANDARD",
            "timeouts": null,
            "uniform_bucket_level_access": false,
            "url": "gs://csbws2223-input",
            "versioning": [],
            "website": []
          },
          "sensitive_attributes": [],
          "private": "eyJlMmJmYjczMC1lY2FhLTExZTYtOGY4OC0zNDM2M2JjN2M0YzAiOnsiY3JlYXRlIjo2MDAwMDAwMDAwMDAsInJlYWQiOjI0MDAwMDAwMDAwMCwidXBkYXRlIjoyNDAwMDAwMDAwMDB9fQ=="
        }
      ]
    },
    {
      "mode": "managed",
      "type": "google_storage_bucket_object",
      "name": "wrapper",
      "provider": "provider[\"registry.terraform.io/hashicorp/google\"]",
      "instances": [
        {
          "schema_version": 0,
          "attributes": {
            "bucket": "csbws2223-function",
            "cache_control": "",
            "content": null,
            "content_disposition": "",
            "content_encoding": "",
            "content_language": "",
            "content_type": "application/zip",
            "crc32c": "+o9mxA==",
            "customer_encryption": [],
            "detect_md5hash": "RGqx18dsnGRWgx+qgXQkdw==",
            "event_based_hold": false,
            "id": "csbws2223-function-src-446ab1d7c76c9c6456831faa81742477.zip",
            "kms_key_name": "",
            "md5hash": "RGqx18dsnGRWgx+qgXQkdw==",
            "media_link": "https://storage.googleapis.com/download/storage/v1/b/csbws2223-function/o/src-446ab1d7c76c9c6456831faa81742477.zip?generation=1690968166357704\u0026alt=media",
            "metadata": null,
            "name": "src-446ab1d7c76c9c6456831faa81742477.zip",
            "output_name": "src-446ab1d7c76c9c6456831faa81742477.zip",
            "self_link": "https://www.googleapis.com/storage/v1/b/csbws2223-function/o/src-446ab1d7c76c9c6456831faa81742477.zip",
            "source": "./tmp/wrapper.zip",
            "storage_class": "STANDARD",
            "temporary_hold": false,
            "timeouts": null
          },
          "sensitive_attributes": [],
          "private": "eyJlMmJmYjczMC1lY2FhLTExZTYtOGY4OC0zNDM2M2JjN2M0YzAiOnsiY3JlYXRlIjoyNDAwMDAwMDAwMDAsImRlbGV0ZSI6MjQwMDAwMDAwMDAwLCJ1cGRhdGUiOjI0MDAwMDAwMDAwMH19",
          "dependencies": [
            "data.archive_file.sourcewrapper",
            "google_storage_bucket.function_bucket"
          ]
        }
      ]
    }
  ],
  "check_results": null
}
