{
  "name": "dir1",
  "version": "1.0.0",
  "lockfileVersion": 3,
  "requires": true,
  "packages": {
    "": {
      "name": "dir1",
      "version": "1.0.0",
      "license": "ISC",
      "dependencies": {
        "nodemailer5": "npm:nodemailer@^5.1.1",
        "nodemailer6": "npm:nodemailer@^6.9.7"
      }
    },
    "node_modules/nodemailer5": {
      "name": "nodemailer",
      "version": "5.1.1",
      "resolved": "https://registry.npmjs.org/nodemailer/-/nodemailer-5.1.1.tgz",
      "integrity": "sha512-hKGCoeNdFL2W7S76J/Oucbw0/qRlfG815tENdhzcqTpSjKgAN91mFOqU2lQUflRRxFM7iZvCyaFcAR9noc/CqQ==",
      "engines": {
        "node": ">=6.0.0"
      }
    },
    "node_modules/nodemailer6": {
      "name": "nodemailer",
      "version": "6.9.7",
      "resolved": "https://registry.npmjs.org/nodemailer/-/nodemailer-6.9.7.tgz",
      "integrity": "sha512-rUtR77ksqex/eZRLmQ21LKVH5nAAsVicAtAYudK7JgwenEDZ0UIQ1adUGqErz7sMkWYxWTTU1aeP2Jga6WQyJw==",
      "engines": {
        "node": ">=6.0.0"
      }
    }
  }
}
